// !$*UTF8*$!
{
	archiveVersion = 1;
	classes = {
	};
	objectVersion = 51;
	objects = {

/* Begin PBXBuildFile section */
		192C060A5FE929639AA5D324 /* libPods-WeatherGift.a in Frameworks */ = {isa = PBXBuildFile; fileRef = 06CBD2389D71F0D870C22A2B /* libPods-WeatherGift.a */; };
		8E0AC25D2534E66D00F15CA9 /* APIkeys.swift in Sources */ = {isa = PBXBuildFile; fileRef = 8E0AC25C2534E66D00F15CA9 /* APIkeys.swift */; };
		8E0AC25F2534FC3000F15CA9 /* LocationDetailViewController.swift in Sources */ = {isa = PBXBuildFile; fileRef = 8E0AC25E2534FC3000F15CA9 /* LocationDetailViewController.swift */; };
		8E88A7342534D638005B3914 /* AppDelegate.swift in Sources */ = {isa = PBXBuildFile; fileRef = 8E88A7332534D638005B3914 /* AppDelegate.swift */; };
		8E88A7362534D638005B3914 /* SceneDelegate.swift in Sources */ = {isa = PBXBuildFile; fileRef = 8E88A7352534D638005B3914 /* SceneDelegate.swift */; };
		8E88A7382534D638005B3914 /* LocationListViewController.swift in Sources */ = {isa = PBXBuildFile; fileRef = 8E88A7372534D638005B3914 /* LocationListViewController.swift */; };
		8E88A73B2534D638005B3914 /* Main.storyboard in Resources */ = {isa = PBXBuildFile; fileRef = 8E88A7392534D638005B3914 /* Main.storyboard */; };
		8E88A73D2534D63A005B3914 /* Assets.xcassets in Resources */ = {isa = PBXBuildFile; fileRef = 8E88A73C2534D63A005B3914 /* Assets.xcassets */; };
		8E88A7402534D63A005B3914 /* LaunchScreen.storyboard in Resources */ = {isa = PBXBuildFile; fileRef = 8E88A73E2534D63A005B3914 /* LaunchScreen.storyboard */; };
		8E88A7482534D65F005B3914 /* WeatherLocation.swift in Sources */ = {isa = PBXBuildFile; fileRef = 8E88A7472534D65F005B3914 /* WeatherLocation.swift */; };
		8E8AF7F92546ED5A00995F03 /* DailyTableViewCell.swift in Sources */ = {isa = PBXBuildFile; fileRef = 8E8AF7F82546ED5A00995F03 /* DailyTableViewCell.swift */; };
		8ED46F1F253607C600DA6736 /* PageViewController.swift in Sources */ = {isa = PBXBuildFile; fileRef = 8ED46F1E253607C600DA6736 /* PageViewController.swift */; };
		8ED46F212536267600DA6736 /* WeatherDetail.swift in Sources */ = {isa = PBXBuildFile; fileRef = 8ED46F202536267600DA6736 /* WeatherDetail.swift */; };
/* End PBXBuildFile section */

/* Begin PBXFileReference section */
		06CBD2389D71F0D870C22A2B /* libPods-WeatherGift.a */ = {isa = PBXFileReference; explicitFileType = archive.ar; includeInIndex = 0; path = "libPods-WeatherGift.a"; sourceTree = BUILT_PRODUCTS_DIR; };
		49A6DA23356A5EF11AC1BBCA /* Pods-WeatherGift.debug.xcconfig */ = {isa = PBXFileReference; includeInIndex = 1; lastKnownFileType = text.xcconfig; name = "Pods-WeatherGift.debug.xcconfig"; path = "Target Support Files/Pods-WeatherGift/Pods-WeatherGift.debug.xcconfig"; sourceTree = "<group>"; };
		68C6A71525E2B7BB79BCC080 /* Pods-WeatherGift.release.xcconfig */ = {isa = PBXFileReference; includeInIndex = 1; lastKnownFileType = text.xcconfig; name = "Pods-WeatherGift.release.xcconfig"; path = "Target Support Files/Pods-WeatherGift/Pods-WeatherGift.release.xcconfig"; sourceTree = "<group>"; };
		8E0AC25C2534E66D00F15CA9 /* APIkeys.swift */ = {isa = PBXFileReference; lastKnownFileType = sourcecode.swift; path = APIkeys.swift; sourceTree = "<group>"; };
		8E0AC25E2534FC3000F15CA9 /* LocationDetailViewController.swift */ = {isa = PBXFileReference; lastKnownFileType = sourcecode.swift; path = LocationDetailViewController.swift; sourceTree = "<group>"; };
		8E88A7302534D638005B3914 /* WeatherGift.app */ = {isa = PBXFileReference; explicitFileType = wrapper.application; includeInIndex = 0; path = WeatherGift.app; sourceTree = BUILT_PRODUCTS_DIR; };
		8E88A7332534D638005B3914 /* AppDelegate.swift */ = {isa = PBXFileReference; lastKnownFileType = sourcecode.swift; path = AppDelegate.swift; sourceTree = "<group>"; };
		8E88A7352534D638005B3914 /* SceneDelegate.swift */ = {isa = PBXFileReference; lastKnownFileType = sourcecode.swift; path = SceneDelegate.swift; sourceTree = "<group>"; };
		8E88A7372534D638005B3914 /* LocationListViewController.swift */ = {isa = PBXFileReference; lastKnownFileType = sourcecode.swift; path = LocationListViewController.swift; sourceTree = "<group>"; };
		8E88A73A2534D638005B3914 /* Base */ = {isa = PBXFileReference; lastKnownFileType = file.storyboard; name = Base; path = Base.lproj/Main.storyboard; sourceTree = "<group>"; };
		8E88A73C2534D63A005B3914 /* Assets.xcassets */ = {isa = PBXFileReference; lastKnownFileType = folder.assetcatalog; path = Assets.xcassets; sourceTree = "<group>"; };
		8E88A73F2534D63A005B3914 /* Base */ = {isa = PBXFileReference; lastKnownFileType = file.storyboard; name = Base; path = Base.lproj/LaunchScreen.storyboard; sourceTree = "<group>"; };
		8E88A7412534D63A005B3914 /* Info.plist */ = {isa = PBXFileReference; lastKnownFileType = text.plist.xml; path = Info.plist; sourceTree = "<group>"; };
		8E88A7472534D65F005B3914 /* WeatherLocation.swift */ = {isa = PBXFileReference; lastKnownFileType = sourcecode.swift; path = WeatherLocation.swift; sourceTree = "<group>"; };
		8E8AF7F82546ED5A00995F03 /* DailyTableViewCell.swift */ = {isa = PBXFileReference; lastKnownFileType = sourcecode.swift; path = DailyTableViewCell.swift; sourceTree = "<group>"; };
		8ED46F1E253607C600DA6736 /* PageViewController.swift */ = {isa = PBXFileReference; lastKnownFileType = sourcecode.swift; path = PageViewController.swift; sourceTree = "<group>"; };
		8ED46F202536267600DA6736 /* WeatherDetail.swift */ = {isa = PBXFileReference; lastKnownFileType = sourcecode.swift; path = WeatherDetail.swift; sourceTree = "<group>"; };
/* End PBXFileReference section */

/* Begin PBXFrameworksBuildPhase section */
		8E88A72D2534D638005B3914 /* Frameworks */ = {
			isa = PBXFrameworksBuildPhase;
			buildActionMask = 2147483647;
			files = (
				192C060A5FE929639AA5D324 /* libPods-WeatherGift.a in Frameworks */,
			);
			runOnlyForDeploymentPostprocessing = 0;
		};
/* End PBXFrameworksBuildPhase section */

/* Begin PBXGroup section */
		8E88A7272534D638005B3914 = {
			isa = PBXGroup;
			children = (
				8E88A7322534D638005B3914 /* WeatherGift */,
				8E88A7312534D638005B3914 /* Products */,
				C38FFD84CE9ED1401AFD0C5B /* Pods */,
				9CC87FE0314C7B4BEA268E47 /* Frameworks */,
			);
			sourceTree = "<group>";
		};
		8E88A7312534D638005B3914 /* Products */ = {
			isa = PBXGroup;
			children = (
				8E88A7302534D638005B3914 /* WeatherGift.app */,
			);
			name = Products;
			sourceTree = "<group>";
		};
		8E88A7322534D638005B3914 /* WeatherGift */ = {
			isa = PBXGroup;
			children = (
				8E88A7332534D638005B3914 /* AppDelegate.swift */,
				8E88A7352534D638005B3914 /* SceneDelegate.swift */,
				8E88A7472534D65F005B3914 /* WeatherLocation.swift */,
				8ED46F202536267600DA6736 /* WeatherDetail.swift */,
				8ED46F1E253607C600DA6736 /* PageViewController.swift */,
				8E0AC25E2534FC3000F15CA9 /* LocationDetailViewController.swift */,
				8E88A7372534D638005B3914 /* LocationListViewController.swift */,
				8E8AF7F82546ED5A00995F03 /* DailyTableViewCell.swift */,
				8E88A7392534D638005B3914 /* Main.storyboard */,
				8E88A73C2534D63A005B3914 /* Assets.xcassets */,
				8E88A73E2534D63A005B3914 /* LaunchScreen.storyboard */,
				8E88A7412534D63A005B3914 /* Info.plist */,
				8E0AC25C2534E66D00F15CA9 /* APIkeys.swift */,
			);
			path = WeatherGift;
			sourceTree = "<group>";
		};
		9CC87FE0314C7B4BEA268E47 /* Frameworks */ = {
			isa = PBXGroup;
			children = (
				06CBD2389D71F0D870C22A2B /* libPods-WeatherGift.a */,
			);
			name = Frameworks;
			sourceTree = "<group>";
		};
		C38FFD84CE9ED1401AFD0C5B /* Pods */ = {
			isa = PBXGroup;
			children = (
				49A6DA23356A5EF11AC1BBCA /* Pods-WeatherGift.debug.xcconfig */,
				68C6A71525E2B7BB79BCC080 /* Pods-WeatherGift.release.xcconfig */,
			);
			path = Pods;
			sourceTree = "<group>";
		};
/* End PBXGroup section */

/* Begin PBXNativeTarget section */
		8E88A72F2534D638005B3914 /* WeatherGift */ = {
			isa = PBXNativeTarget;
			buildConfigurationList = 8E88A7442534D63A005B3914 /* Build configuration list for PBXNativeTarget "WeatherGift" */;
			buildPhases = (
				61EC377959CE537848878463 /* [CP] Check Pods Manifest.lock */,
				8E88A72C2534D638005B3914 /* Sources */,
				8E88A72D2534D638005B3914 /* Frameworks */,
				8E88A72E2534D638005B3914 /* Resources */,
				CBA6C093E086CA3D580C753C /* [CP] Copy Pods Resources */,
			);
			buildRules = (
			);
			dependencies = (
			);
			name = WeatherGift;
			productName = WeatherGift;
			productReference = 8E88A7302534D638005B3914 /* WeatherGift.app */;
			productType = "com.apple.product-type.application";
		};
/* End PBXNativeTarget section */

/* Begin PBXProject section */
		8E88A7282534D638005B3914 /* Project object */ = {
			isa = PBXProject;
			attributes = {
				LastSwiftUpdateCheck = 1170;
				LastUpgradeCheck = 1170;
				ORGANIZATIONNAME = "John Pappas";
				TargetAttributes = {
					8E88A72F2534D638005B3914 = {
						CreatedOnToolsVersion = 11.7;
					};
				};
			};
			buildConfigurationList = 8E88A72B2534D638005B3914 /* Build configuration list for PBXProject "WeatherGift" */;
			compatibilityVersion = "Xcode 9.3";
			developmentRegion = en;
			hasScannedForEncodings = 0;
			knownRegions = (
				en,
				Base,
			);
			mainGroup = 8E88A7272534D638005B3914;
			productRefGroup = 8E88A7312534D638005B3914 /* Products */;
			projectDirPath = "";
			projectRoot = "";
			targets = (
				8E88A72F2534D638005B3914 /* WeatherGift */,
			);
		};
/* End PBXProject section */

/* Begin PBXResourcesBuildPhase section */
		8E88A72E2534D638005B3914 /* Resources */ = {
			isa = PBXResourcesBuildPhase;
			buildActionMask = 2147483647;
			files = (
				8E88A7402534D63A005B3914 /* LaunchScreen.storyboard in Resources */,
				8E88A73D2534D63A005B3914 /* Assets.xcassets in Resources */,
				8E88A73B2534D638005B3914 /* Main.storyboard in Resources */,
			);
			runOnlyForDeploymentPostprocessing = 0;
		};
/* End PBXResourcesBuildPhase section */

/* Begin PBXShellScriptBuildPhase section */
		61EC377959CE537848878463 /* [CP] Check Pods Manifest.lock */ = {
			isa = PBXShellScriptBuildPhase;
			buildActionMask = 2147483647;
			files = (
			);
			inputFileListPaths = (
			);
			inputPaths = (
				"${PODS_PODFILE_DIR_PATH}/Podfile.lock",
				"${PODS_ROOT}/Manifest.lock",
			);
			name = "[CP] Check Pods Manifest.lock";
			outputFileListPaths = (
			);
			outputPaths = (
				"$(DERIVED_FILE_DIR)/Pods-WeatherGift-checkManifestLockResult.txt",
			);
			runOnlyForDeploymentPostprocessing = 0;
			shellPath = /bin/sh;
			shellScript = "diff \"${PODS_PODFILE_DIR_PATH}/Podfile.lock\" \"${PODS_ROOT}/Manifest.lock\" > /dev/null\nif [ $? != 0 ] ; then\n    # print error to STDERR\n    echo \"error: The sandbox is not in sync with the Podfile.lock. Run 'pod install' or update your CocoaPods installation.\" >&2\n    exit 1\nfi\n# This output is used by Xcode 'outputs' to avoid re-running this script phase.\necho \"SUCCESS\" > \"${SCRIPT_OUTPUT_FILE_0}\"\n";
			showEnvVarsInLog = 0;
		};
		CBA6C093E086CA3D580C753C /* [CP] Copy Pods Resources */ = {
			isa = PBXShellScriptBuildPhase;
			buildActionMask = 2147483647;
			files = (
			);
			inputFileListPaths = (
				"${PODS_ROOT}/Target Support Files/Pods-WeatherGift/Pods-WeatherGift-resources-${CONFIGURATION}-input-files.xcfilelist",
			);
			name = "[CP] Copy Pods Resources";
			outputFileListPaths = (
				"${PODS_ROOT}/Target Support Files/Pods-WeatherGift/Pods-WeatherGift-resources-${CONFIGURATION}-output-files.xcfilelist",
			);
			runOnlyForDeploymentPostprocessing = 0;
			shellPath = /bin/sh;
			shellScript = "\"${PODS_ROOT}/Target Support Files/Pods-WeatherGift/Pods-WeatherGift-resources.sh\"\n";
			showEnvVarsInLog = 0;
		};
/* End PBXShellScriptBuildPhase section */

/* Begin PBXSourcesBuildPhase section */
		8E88A72C2534D638005B3914 /* Sources */ = {
			isa = PBXSourcesBuildPhase;
			buildActionMask = 2147483647;
			files = (
				8E8AF7F92546ED5A00995F03 /* DailyTableViewCell.swift in Sources */,
				8E88A7382534D638005B3914 /* LocationListViewController.swift in Sources */,
				8ED46F212536267600DA6736 /* WeatherDetail.swift in Sources */,
				8ED46F1F253607C600DA6736 /* PageViewController.swift in Sources */,
				8E88A7482534D65F005B3914 /* WeatherLocation.swift in Sources */,
				8E0AC25D2534E66D00F15CA9 /* APIkeys.swift in Sources */,
				8E88A7342534D638005B3914 /* AppDelegate.swift in Sources */,
				8E0AC25F2534FC3000F15CA9 /* LocationDetailViewController.swift in Sources */,
				8E88A7362534D638005B3914 /* SceneDelegate.swift in Sources */,
			);
			runOnlyForDeploymentPostprocessing = 0;
		};
/* End PBXSourcesBuildPhase section */

/* Begin PBXVariantGroup section */
		8E88A7392534D638005B3914 /* Main.storyboard */ = {
			isa = PBXVariantGroup;
			children = (
				8E88A73A2534D638005B3914 /* Base */,
			);
			name = Main.storyboard;
			sourceTree = "<group>";
		};
		8E88A73E2534D63A005B3914 /* LaunchScreen.storyboard */ = {
			isa = PBXVariantGroup;
			children = (
				8E88A73F2534D63A005B3914 /* Base */,
			);
			name = LaunchScreen.storyboard;
			sourceTree = "<group>";
		};
/* End PBXVariantGroup section */

/* Begin XCBuildConfiguration section */
		8E88A7422534D63A005B3914 /* Debug */ = {
			isa = XCBuildConfiguration;
			buildSettings = {
				ALWAYS_SEARCH_USER_PATHS = NO;
				CLANG_ANALYZER_NONNULL = YES;
				CLANG_ANALYZER_NUMBER_OBJECT_CONVERSION = YES_AGGRESSIVE;
				CLANG_CXX_LANGUAGE_STANDARD = "gnu++14";
				CLANG_CXX_LIBRARY = "libc++";
				CLANG_ENABLE_MODULES = YES;
				CLANG_ENABLE_OBJC_ARC = YES;
				CLANG_ENABLE_OBJC_WEAK = YES;
				CLANG_WARN_BLOCK_CAPTURE_AUTORELEASING = YES;
				CLANG_WARN_BOOL_CONVERSION = YES;
				CLANG_WARN_COMMA = YES;
				CLANG_WARN_CONSTANT_CONVERSION = YES;
				CLANG_WARN_DEPRECATED_OBJC_IMPLEMENTATIONS = YES;
				CLANG_WARN_DIRECT_OBJC_ISA_USAGE = YES_ERROR;
				CLANG_WARN_DOCUMENTATION_COMMENTS = YES;
				CLANG_WARN_EMPTY_BODY = YES;
				CLANG_WARN_ENUM_CONVERSION = YES;
				CLANG_WARN_INFINITE_RECURSION = YES;
				CLANG_WARN_INT_CONVERSION = YES;
				CLANG_WARN_NON_LITERAL_NULL_CONVERSION = YES;
				CLANG_WARN_OBJC_IMPLICIT_RETAIN_SELF = YES;
				CLANG_WARN_OBJC_LITERAL_CONVERSION = YES;
				CLANG_WARN_OBJC_ROOT_CLASS = YES_ERROR;
				CLANG_WARN_RANGE_LOOP_ANALYSIS = YES;
				CLANG_WARN_STRICT_PROTOTYPES = YES;
				CLANG_WARN_SUSPICIOUS_MOVE = YES;
				CLANG_WARN_UNGUARDED_AVAILABILITY = YES_AGGRESSIVE;
				CLANG_WARN_UNREACHABLE_CODE = YES;
				CLANG_WARN__DUPLICATE_METHOD_MATCH = YES;
				COPY_PHASE_STRIP = NO;
				DEBUG_INFORMATION_FORMAT = dwarf;
				ENABLE_STRICT_OBJC_MSGSEND = YES;
				ENABLE_TESTABILITY = YES;
				GCC_C_LANGUAGE_STANDARD = gnu11;
				GCC_DYNAMIC_NO_PIC = NO;
				GCC_NO_COMMON_BLOCKS = YES;
				GCC_OPTIMIZATION_LEVEL = 0;
				GCC_PREPROCESSOR_DEFINITIONS = (
					"DEBUG=1",
					"$(inherited)",
				);
				GCC_WARN_64_TO_32_BIT_CONVERSION = YES;
				GCC_WARN_ABOUT_RETURN_TYPE = YES_ERROR;
				GCC_WARN_UNDECLARED_SELECTOR = YES;
				GCC_WARN_UNINITIALIZED_AUTOS = YES_AGGRESSIVE;
				GCC_WARN_UNUSED_FUNCTION = YES;
				GCC_WARN_UNUSED_VARIABLE = YES;
				IPHONEOS_DEPLOYMENT_TARGET = 13.7;
				MTL_ENABLE_DEBUG_INFO = INCLUDE_SOURCE;
				MTL_FAST_MATH = YES;
				ONLY_ACTIVE_ARCH = YES;
				SDKROOT = iphoneos;
				SWIFT_ACTIVE_COMPILATION_CONDITIONS = DEBUG;
				SWIFT_OPTIMIZATION_LEVEL = "-Onone";
			};
			name = Debug;
		};
		8E88A7432534D63A005B3914 /* Release */ = {
			isa = XCBuildConfiguration;
			buildSettings = {
				ALWAYS_SEARCH_USER_PATHS = NO;
				CLANG_ANALYZER_NONNULL = YES;
				CLANG_ANALYZER_NUMBER_OBJECT_CONVERSION = YES_AGGRESSIVE;
				CLANG_CXX_LANGUAGE_STANDARD = "gnu++14";
				CLANG_CXX_LIBRARY = "libc++";
				CLANG_ENABLE_MODULES = YES;
				CLANG_ENABLE_OBJC_ARC = YES;
				CLANG_ENABLE_OBJC_WEAK = YES;
				CLANG_WARN_BLOCK_CAPTURE_AUTORELEASING = YES;
				CLANG_WARN_BOOL_CONVERSION = YES;
				CLANG_WARN_COMMA = YES;
				CLANG_WARN_CONSTANT_CONVERSION = YES;
				CLANG_WARN_DEPRECATED_OBJC_IMPLEMENTATIONS = YES;
				CLANG_WARN_DIRECT_OBJC_ISA_USAGE = YES_ERROR;
				CLANG_WARN_DOCUMENTATION_COMMENTS = YES;
				CLANG_WARN_EMPTY_BODY = YES;
				CLANG_WARN_ENUM_CONVERSION = YES;
				CLANG_WARN_INFINITE_RECURSION = YES;
				CLANG_WARN_INT_CONVERSION = YES;
				CLANG_WARN_NON_LITERAL_NULL_CONVERSION = YES;
				CLANG_WARN_OBJC_IMPLICIT_RETAIN_SELF = YES;
				CLANG_WARN_OBJC_LITERAL_CONVERSION = YES;
				CLANG_WARN_OBJC_ROOT_CLASS = YES_ERROR;
				CLANG_WARN_RANGE_LOOP_ANALYSIS = YES;
				CLANG_WARN_STRICT_PROTOTYPES = YES;
				CLANG_WARN_SUSPICIOUS_MOVE = YES;
				CLANG_WARN_UNGUARDED_AVAILABILITY = YES_AGGRESSIVE;
				CLANG_WARN_UNREACHABLE_CODE = YES;
				CLANG_WARN__DUPLICATE_METHOD_MATCH = YES;
				COPY_PHASE_STRIP = NO;
				DEBUG_INFORMATION_FORMAT = "dwarf-with-dsym";
				ENABLE_NS_ASSERTIONS = NO;
				ENABLE_STRICT_OBJC_MSGSEND = YES;
				GCC_C_LANGUAGE_STANDARD = gnu11;
				GCC_NO_COMMON_BLOCKS = YES;
				GCC_WARN_64_TO_32_BIT_CONVERSION = YES;
				GCC_WARN_ABOUT_RETURN_TYPE = YES_ERROR;
				GCC_WARN_UNDECLARED_SELECTOR = YES;
				GCC_WARN_UNINITIALIZED_AUTOS = YES_AGGRESSIVE;
				GCC_WARN_UNUSED_FUNCTION = YES;
				GCC_WARN_UNUSED_VARIABLE = YES;
				IPHONEOS_DEPLOYMENT_TARGET = 13.7;
				MTL_ENABLE_DEBUG_INFO = NO;
				MTL_FAST_MATH = YES;
				SDKROOT = iphoneos;
				SWIFT_COMPILATION_MODE = wholemodule;
				SWIFT_OPTIMIZATION_LEVEL = "-O";
				VALIDATE_PRODUCT = YES;
			};
			name = Release;
		};
		8E88A7452534D63A005B3914 /* Debug */ = {
			isa = XCBuildConfiguration;
			baseConfigurationReference = 49A6DA23356A5EF11AC1BBCA /* Pods-WeatherGift.debug.xcconfig */;
			buildSettings = {
				ASSETCATALOG_COMPILER_APPICON_NAME = AppIcon;
				CODE_SIGN_STYLE = Automatic;
				DEVELOPMENT_TEAM = SJF2RX3475;
				INFOPLIST_FILE = WeatherGift/Info.plist;
				LD_RUNPATH_SEARCH_PATHS = (
					"$(inherited)",
					"@executable_path/Frameworks",
				);
				PRODUCT_BUNDLE_IDENTIFIER = com.pappas.WeatherGift;
				PRODUCT_NAME = "$(TARGET_NAME)";
				SWIFT_VERSION = 5.0;
				TARGETED_DEVICE_FAMILY = "1,2";
			};
			name = Debug;
		};
		8E88A7462534D63A005B3914 /* Release */ = {
			isa = XCBuildConfiguration;
			baseConfigurationReference = 68C6A71525E2B7BB79BCC080 /* Pods-WeatherGift.release.xcconfig */;
			buildSettings = {
				ASSETCATALOG_COMPILER_APPICON_NAME = AppIcon;
				CODE_SIGN_STYLE = Automatic;
				DEVELOPMENT_TEAM = SJF2RX3475;
				INFOPLIST_FILE = WeatherGift/Info.plist;
				LD_RUNPATH_SEARCH_PATHS = (
					"$(inherited)",
					"@executable_path/Frameworks",
				);
				PRODUCT_BUNDLE_IDENTIFIER = com.pappas.WeatherGift;
				PRODUCT_NAME = "$(TARGET_NAME)";
				SWIFT_VERSION = 5.0;
				TARGETED_DEVICE_FAMILY = "1,2";
			};
			name = Release;
		};
/* End XCBuildConfiguration section */

/* Begin XCConfigurationList section */
		8E88A72B2534D638005B3914 /* Build configuration list for PBXProject "WeatherGift" */ = {
			isa = XCConfigurationList;
			buildConfigurations = (
				8E88A7422534D63A005B3914 /* Debug */,
				8E88A7432534D63A005B3914 /* Release */,
			);
			defaultConfigurationIsVisible = 0;
			defaultConfigurationName = Release;
		};
		8E88A7442534D63A005B3914 /* Build configuration list for PBXNativeTarget "WeatherGift" */ = {
			isa = XCConfigurationList;
			buildConfigurations = (
				8E88A7452534D63A005B3914 /* Debug */,
				8E88A7462534D63A005B3914 /* Release */,
			);
			defaultConfigurationIsVisible = 0;
			defaultConfigurationName = Release;
		};
/* End XCConfigurationList section */
	};
	rootObject = 8E88A7282534D638005B3914 /* Project object */;
}
